// !$*UTF8*$!
{
	archiveVersion = 1;
	classes = {
	};
	objectVersion = 51;
	objects = {

/* Begin PBXBuildFile section */
		D10CCD2166F25CFE1FF3AC73 /* libPods-MiniChat.a in Frameworks */ = {isa = PBXBuildFile; fileRef = 345FA6DC2275F5DE74D79C4B /* libPods-MiniChat.a */; };
		F860B0C62494636D0016AF1D /* AppDelegate.m in Sources */ = {isa = PBXBuildFile; fileRef = F860B0C52494636D0016AF1D /* AppDelegate.m */; };
		F860B0C92494636D0016AF1D /* SceneDelegate.m in Sources */ = {isa = PBXBuildFile; fileRef = F860B0C82494636D0016AF1D /* SceneDelegate.m */; };
		F860B0CF2494636D0016AF1D /* Main.storyboard in Resources */ = {isa = PBXBuildFile; fileRef = F860B0CD2494636D0016AF1D /* Main.storyboard */; };
		F860B0D12494636E0016AF1D /* Assets.xcassets in Resources */ = {isa = PBXBuildFile; fileRef = F860B0D02494636E0016AF1D /* Assets.xcassets */; };
		F860B0D42494636E0016AF1D /* LaunchScreen.storyboard in Resources */ = {isa = PBXBuildFile; fileRef = F860B0D22494636E0016AF1D /* LaunchScreen.storyboard */; };
		F860B0D72494636E0016AF1D /* main.m in Sources */ = {isa = PBXBuildFile; fileRef = F860B0D62494636E0016AF1D /* main.m */; };
		F860B0E12494636E0016AF1D /* MiniChatTests.m in Sources */ = {isa = PBXBuildFile; fileRef = F860B0E02494636E0016AF1D /* MiniChatTests.m */; };
		F860B0EC2494636E0016AF1D /* MiniChatUITests.m in Sources */ = {isa = PBXBuildFile; fileRef = F860B0EB2494636E0016AF1D /* MiniChatUITests.m */; };
		F860B10024946BA10016AF1D /* KWFirstViewController.m in Sources */ = {isa = PBXBuildFile; fileRef = F860B0FF24946BA10016AF1D /* KWFirstViewController.m */; };
		F860B10324946BB10016AF1D /* KWSecondViewController.m in Sources */ = {isa = PBXBuildFile; fileRef = F860B10224946BB10016AF1D /* KWSecondViewController.m */; };
		F860B10624946BC00016AF1D /* KWThirdViewController.m in Sources */ = {isa = PBXBuildFile; fileRef = F860B10524946BC00016AF1D /* KWThirdViewController.m */; };
		F860B10924946BD30016AF1D /* KWFourthViewController.m in Sources */ = {isa = PBXBuildFile; fileRef = F860B10824946BD30016AF1D /* KWFourthViewController.m */; };
		F860B11A24949C060016AF1D /* KWRegisterViewController.m in Sources */ = {isa = PBXBuildFile; fileRef = F860B11924949C060016AF1D /* KWRegisterViewController.m */; };
		F860B12F249518550016AF1D /* KWTabBarViewController.m in Sources */ = {isa = PBXBuildFile; fileRef = F860B12E249518550016AF1D /* KWTabBarViewController.m */; };
		F860B14A24951F870016AF1D /* denglu.png in Resources */ = {isa = PBXBuildFile; fileRef = F860B13C24951F870016AF1D /* denglu.png */; };
		F860B14B24951F870016AF1D /* next.png in Resources */ = {isa = PBXBuildFile; fileRef = F860B13D24951F870016AF1D /* next.png */; };
		F860B14C24951F870016AF1D /* zhifu.png in Resources */ = {isa = PBXBuildFile; fileRef = F860B13E24951F870016AF1D /* zhifu.png */; };
		F860B14D24951F870016AF1D /* kabao.png in Resources */ = {isa = PBXBuildFile; fileRef = F860B13F24951F870016AF1D /* kabao.png */; };
		F860B14E24951F870016AF1D /* biaoqing.png in Resources */ = {isa = PBXBuildFile; fileRef = F860B14024951F870016AF1D /* biaoqing.png */; };
		F860B14F24951F870016AF1D /* tongxunlu.png in Resources */ = {isa = PBXBuildFile; fileRef = F860B14124951F870016AF1D /* tongxunlu.png */; };
		F860B15024951F870016AF1D /* xiangce.png in Resources */ = {isa = PBXBuildFile; fileRef = F860B14224951F870016AF1D /* xiangce.png */; };
		F860B15224951F870016AF1D /* faxian.png in Resources */ = {isa = PBXBuildFile; fileRef = F860B14424951F870016AF1D /* faxian.png */; };
		F860B15324951F870016AF1D /* wode.png in Resources */ = {isa = PBXBuildFile; fileRef = F860B14524951F870016AF1D /* wode.png */; };
		F860B15424951F870016AF1D /* xinxi.png in Resources */ = {isa = PBXBuildFile; fileRef = F860B14624951F870016AF1D /* xinxi.png */; };
		F860B15524951F870016AF1D /* xiaoxi.png in Resources */ = {isa = PBXBuildFile; fileRef = F860B14724951F870016AF1D /* xiaoxi.png */; };
		F860B15624951F870016AF1D /* shoucang.png in Resources */ = {isa = PBXBuildFile; fileRef = F860B14824951F870016AF1D /* shoucang.png */; };
		F860B15724951F870016AF1D /* zhifu-2.png in Resources */ = {isa = PBXBuildFile; fileRef = F860B14924951F870016AF1D /* zhifu-2.png */; };
		F860B159249520CD0016AF1D /* shezhi.png in Resources */ = {isa = PBXBuildFile; fileRef = F860B158249520CD0016AF1D /* shezhi.png */; };
		F860B15B249528490016AF1D /* touxiang.png in Resources */ = {isa = PBXBuildFile; fileRef = F860B15A249528490016AF1D /* touxiang.png */; };
		F860B16424952C930016AF1D /* houtaishezhi.png in Resources */ = {isa = PBXBuildFile; fileRef = F860B15C24952C920016AF1D /* houtaishezhi.png */; };
		F860B16524952C930016AF1D /* shopping-bag.png in Resources */ = {isa = PBXBuildFile; fileRef = F860B15D24952C920016AF1D /* shopping-bag.png */; };
		F860B16624952C930016AF1D /* yaoyiyao.png in Resources */ = {isa = PBXBuildFile; fileRef = F860B15E24952C920016AF1D /* yaoyiyao.png */; };
		F860B16724952C930016AF1D /* youxi.png in Resources */ = {isa = PBXBuildFile; fileRef = F860B15F24952C920016AF1D /* youxi.png */; };
		F860B16824952C930016AF1D /* fujinderen.png in Resources */ = {isa = PBXBuildFile; fileRef = F860B16024952C920016AF1D /* fujinderen.png */; };
		F860B16924952C930016AF1D /* kanyikan.png in Resources */ = {isa = PBXBuildFile; fileRef = F860B16124952C920016AF1D /* kanyikan.png */; };
		F860B16A24952C930016AF1D /* souyisou.png in Resources */ = {isa = PBXBuildFile; fileRef = F860B16224952C920016AF1D /* souyisou.png */; };
		F860B16B24952C930016AF1D /* saoyisao.png in Resources */ = {isa = PBXBuildFile; fileRef = F860B16324952C920016AF1D /* saoyisao.png */; };
		F860B16D24952F780016AF1D /* pengyouquan.png in Resources */ = {isa = PBXBuildFile; fileRef = F860B16C24952F780016AF1D /* pengyouquan.png */; };
		F860B16F249531C30016AF1D /* xiaochengxu.png in Resources */ = {isa = PBXBuildFile; fileRef = F860B16E249531C30016AF1D /* xiaochengxu.png */; };
		F860B172249532510016AF1D /* KWSettingViewController.m in Sources */ = {isa = PBXBuildFile; fileRef = F860B171249532510016AF1D /* KWSettingViewController.m */; };
		F861087624AA1E5B001D908C /* KWTableViewController.m in Sources */ = {isa = PBXBuildFile; fileRef = F861087524AA1E5B001D908C /* KWTableViewController.m */; };
		F861087924AA1EC1001D908C /* KWMessageModel.m in Sources */ = {isa = PBXBuildFile; fileRef = F861087824AA1EC1001D908C /* KWMessageModel.m */; };
		F861087C24AA1F90001D908C /* KWMessageFrameModel.m in Sources */ = {isa = PBXBuildFile; fileRef = F861087B24AA1F90001D908C /* KWMessageFrameModel.m */; };
		F861087F24AA215E001D908C /* KWTableViewCell.m in Sources */ = {isa = PBXBuildFile; fileRef = F861087E24AA215E001D908C /* KWTableViewCell.m */; };
		F861088224AA33A6001D908C /* girl.png in Resources */ = {isa = PBXBuildFile; fileRef = F861088024AA33A6001D908C /* girl.png */; };
		F861088324AA33A6001D908C /* boy.png in Resources */ = {isa = PBXBuildFile; fileRef = F861088124AA33A6001D908C /* boy.png */; };
		F861088624AA350D001D908C /* KWRightMessageFrameModel.m in Sources */ = {isa = PBXBuildFile; fileRef = F861088524AA350D001D908C /* KWRightMessageFrameModel.m */; };
		F874A1F124A8DF90004FA098 /* KWSocketManager.m in Sources */ = {isa = PBXBuildFile; fileRef = F874A1F024A8DF90004FA098 /* KWSocketManager.m */; };
		F8956F9E2495C15A00A1D823 /* KWUserInfo.m in Sources */ = {isa = PBXBuildFile; fileRef = F8956F9D2495C15A00A1D823 /* KWUserInfo.m */; };
		F8956FA12495C27E00A1D823 /* ViewController.m in Sources */ = {isa = PBXBuildFile; fileRef = F8956FA02495C27E00A1D823 /* ViewController.m */; };
		F8956FA42495C2CB00A1D823 /* KWMessageInfo.m in Sources */ = {isa = PBXBuildFile; fileRef = F8956FA32495C2CB00A1D823 /* KWMessageInfo.m */; };
		F8956FA8249643B900A1D823 /* KWDBOperate.m in Sources */ = {isa = PBXBuildFile; fileRef = F8956FA7249643B900A1D823 /* KWDBOperate.m */; };
		F89CC8F6249F8D240092B3D5 /* KWTalkViewController.m in Sources */ = {isa = PBXBuildFile; fileRef = F89CC8F5249F8D240092B3D5 /* KWTalkViewController.m */; };
		F89CC8F8249F96440092B3D5 /* fasong.png in Resources */ = {isa = PBXBuildFile; fileRef = F89CC8F7249F96440092B3D5 /* fasong.png */; };
		F89CC8FA249F977D0092B3D5 /* fasong1.png in Resources */ = {isa = PBXBuildFile; fileRef = F89CC8F9249F977D0092B3D5 /* fasong1.png */; };
		F89CC8FC249F98B80092B3D5 /* biaoqing1.png in Resources */ = {isa = PBXBuildFile; fileRef = F89CC8FB249F98B80092B3D5 /* biaoqing1.png */; };
		F89F23E824AB6BA8005EB643 /* tianjia.png in Resources */ = {isa = PBXBuildFile; fileRef = F89F23E724AB6BA8005EB643 /* tianjia.png */; };
		F89F23F024AB7F19005EB643 /* tianchongxing-.png in Resources */ = {isa = PBXBuildFile; fileRef = F89F23E924AB7F19005EB643 /* tianchongxing-.png */; };
		F89F23F124AB7F19005EB643 /* picture-fill.png in Resources */ = {isa = PBXBuildFile; fileRef = F89F23EA24AB7F19005EB643 /* picture-fill.png */; };
		F89F23F224AB7F19005EB643 /* yuyin.png in Resources */ = {isa = PBXBuildFile; fileRef = F89F23EB24AB7F19005EB643 /* yuyin.png */; };
		F89F23F324AB7F19005EB643 /* zhuanzhang.png in Resources */ = {isa = PBXBuildFile; fileRef = F89F23EC24AB7F19005EB643 /* zhuanzhang.png */; };
		F89F23F424AB7F19005EB643 /* weibiaoti6.png in Resources */ = {isa = PBXBuildFile; fileRef = F89F23ED24AB7F19005EB643 /* weibiaoti6.png */; };
		F89F23F524AB7F19005EB643 /* iocnshiping.png in Resources */ = {isa = PBXBuildFile; fileRef = F89F23EE24AB7F19005EB643 /* iocnshiping.png */; };
		F89F23F624AB7F19005EB643 /* paishe.png in Resources */ = {isa = PBXBuildFile; fileRef = F89F23EF24AB7F19005EB643 /* paishe.png */; };
		F89F23F824AB816B005EB643 /* shoucangblack.png in Resources */ = {isa = PBXBuildFile; fileRef = F89F23F724AB816B005EB643 /* shoucangblack.png */; };
		F8D8B7F124965AC1005624D9 /* KWToastView.m in Sources */ = {isa = PBXBuildFile; fileRef = F8D8B7F024965AC1005624D9 /* KWToastView.m */; };
/* End PBXBuildFile section */

/* Begin PBXContainerItemProxy section */
		F860B0DD2494636E0016AF1D /* PBXContainerItemProxy */ = {
			isa = PBXContainerItemProxy;
			containerPortal = F860B0B92494636D0016AF1D /* Project object */;
			proxyType = 1;
			remoteGlobalIDString = F860B0C02494636D0016AF1D;
			remoteInfo = MiniChat;
		};
		F860B0E82494636E0016AF1D /* PBXContainerItemProxy */ = {
			isa = PBXContainerItemProxy;
			containerPortal = F860B0B92494636D0016AF1D /* Project object */;
			proxyType = 1;
			remoteGlobalIDString = F860B0C02494636D0016AF1D;
			remoteInfo = MiniChat;
		};
/* End PBXContainerItemProxy section */

/* Begin PBXFileReference section */
		0CB293AEEA76800C51F8E91D /* Pods-MiniChat.release.xcconfig */ = {isa = PBXFileReference; includeInIndex = 1; lastKnownFileType = text.xcconfig; name = "Pods-MiniChat.release.xcconfig"; path = "Target Support Files/Pods-MiniChat/Pods-MiniChat.release.xcconfig"; sourceTree = "<group>"; };
		345FA6DC2275F5DE74D79C4B /* libPods-MiniChat.a */ = {isa = PBXFileReference; explicitFileType = archive.ar; includeInIndex = 0; path = "libPods-MiniChat.a"; sourceTree = BUILT_PRODUCTS_DIR; };
		F2BD766C86DAF96D4B0CC061 /* Pods-MiniChat.debug.xcconfig */ = {isa = PBXFileReference; includeInIndex = 1; lastKnownFileType = text.xcconfig; name = "Pods-MiniChat.debug.xcconfig"; path = "Target Support Files/Pods-MiniChat/Pods-MiniChat.debug.xcconfig"; sourceTree = "<group>"; };
		F860B0C12494636D0016AF1D /* MiniChat.app */ = {isa = PBXFileReference; explicitFileType = wrapper.application; includeInIndex = 0; path = MiniChat.app; sourceTree = BUILT_PRODUCTS_DIR; };
		F860B0C42494636D0016AF1D /* AppDelegate.h */ = {isa = PBXFileReference; lastKnownFileType = sourcecode.c.h; path = AppDelegate.h; sourceTree = "<group>"; };
		F860B0C52494636D0016AF1D /* AppDelegate.m */ = {isa = PBXFileReference; lastKnownFileType = sourcecode.c.objc; path = AppDelegate.m; sourceTree = "<group>"; };
		F860B0C72494636D0016AF1D /* SceneDelegate.h */ = {isa = PBXFileReference; lastKnownFileType = sourcecode.c.h; path = SceneDelegate.h; sourceTree = "<group>"; };
		F860B0C82494636D0016AF1D /* SceneDelegate.m */ = {isa = PBXFileReference; lastKnownFileType = sourcecode.c.objc; path = SceneDelegate.m; sourceTree = "<group>"; };
		F860B0CE2494636D0016AF1D /* Base */ = {isa = PBXFileReference; lastKnownFileType = file.storyboard; name = Base; path = Base.lproj/Main.storyboard; sourceTree = "<group>"; };
		F860B0D02494636E0016AF1D /* Assets.xcassets */ = {isa = PBXFileReference; lastKnownFileType = folder.assetcatalog; path = Assets.xcassets; sourceTree = "<group>"; };
		F860B0D32494636E0016AF1D /* Base */ = {isa = PBXFileReference; lastKnownFileType = file.storyboard; name = Base; path = Base.lproj/LaunchScreen.storyboard; sourceTree = "<group>"; };
		F860B0D52494636E0016AF1D /* Info.plist */ = {isa = PBXFileReference; lastKnownFileType = text.plist.xml; path = Info.plist; sourceTree = "<group>"; };
		F860B0D62494636E0016AF1D /* main.m */ = {isa = PBXFileReference; lastKnownFileType = sourcecode.c.objc; path = main.m; sourceTree = "<group>"; };
		F860B0DC2494636E0016AF1D /* MiniChatTests.xctest */ = {isa = PBXFileReference; explicitFileType = wrapper.cfbundle; includeInIndex = 0; path = MiniChatTests.xctest; sourceTree = BUILT_PRODUCTS_DIR; };
		F860B0E02494636E0016AF1D /* MiniChatTests.m */ = {isa = PBXFileReference; lastKnownFileType = sourcecode.c.objc; path = MiniChatTests.m; sourceTree = "<group>"; };
		F860B0E22494636E0016AF1D /* Info.plist */ = {isa = PBXFileReference; lastKnownFileType = text.plist.xml; path = Info.plist; sourceTree = "<group>"; };
		F860B0E72494636E0016AF1D /* MiniChatUITests.xctest */ = {isa = PBXFileReference; explicitFileType = wrapper.cfbundle; includeInIndex = 0; path = MiniChatUITests.xctest; sourceTree = BUILT_PRODUCTS_DIR; };
		F860B0EB2494636E0016AF1D /* MiniChatUITests.m */ = {isa = PBXFileReference; lastKnownFileType = sourcecode.c.objc; path = MiniChatUITests.m; sourceTree = "<group>"; };
		F860B0ED2494636E0016AF1D /* Info.plist */ = {isa = PBXFileReference; lastKnownFileType = text.plist.xml; path = Info.plist; sourceTree = "<group>"; };
		F860B0FE24946BA10016AF1D /* KWFirstViewController.h */ = {isa = PBXFileReference; lastKnownFileType = sourcecode.c.h; path = KWFirstViewController.h; sourceTree = "<group>"; };
		F860B0FF24946BA10016AF1D /* KWFirstViewController.m */ = {isa = PBXFileReference; lastKnownFileType = sourcecode.c.objc; path = KWFirstViewController.m; sourceTree = "<group>"; };
		F860B10124946BB10016AF1D /* KWSecondViewController.h */ = {isa = PBXFileReference; lastKnownFileType = sourcecode.c.h; path = KWSecondViewController.h; sourceTree = "<group>"; };
		F860B10224946BB10016AF1D /* KWSecondViewController.m */ = {isa = PBXFileReference; lastKnownFileType = sourcecode.c.objc; path = KWSecondViewController.m; sourceTree = "<group>"; };
		F860B10424946BC00016AF1D /* KWThirdViewController.h */ = {isa = PBXFileReference; lastKnownFileType = sourcecode.c.h; path = KWThirdViewController.h; sourceTree = "<group>"; };
		F860B10524946BC00016AF1D /* KWThirdViewController.m */ = {isa = PBXFileReference; lastKnownFileType = sourcecode.c.objc; path = KWThirdViewController.m; sourceTree = "<group>"; };
		F860B10724946BD30016AF1D /* KWFourthViewController.h */ = {isa = PBXFileReference; lastKnownFileType = sourcecode.c.h; path = KWFourthViewController.h; sourceTree = "<group>"; };
		F860B10824946BD30016AF1D /* KWFourthViewController.m */ = {isa = PBXFileReference; lastKnownFileType = sourcecode.c.objc; path = KWFourthViewController.m; sourceTree = "<group>"; };
		F860B11824949C060016AF1D /* KWRegisterViewController.h */ = {isa = PBXFileReference; lastKnownFileType = sourcecode.c.h; path = KWRegisterViewController.h; sourceTree = "<group>"; };
		F860B11924949C060016AF1D /* KWRegisterViewController.m */ = {isa = PBXFileReference; lastKnownFileType = sourcecode.c.objc; path = KWRegisterViewController.m; sourceTree = "<group>"; };
		F860B12D249518550016AF1D /* KWTabBarViewController.h */ = {isa = PBXFileReference; lastKnownFileType = sourcecode.c.h; path = KWTabBarViewController.h; sourceTree = "<group>"; };
		F860B12E249518550016AF1D /* KWTabBarViewController.m */ = {isa = PBXFileReference; lastKnownFileType = sourcecode.c.objc; path = KWTabBarViewController.m; sourceTree = "<group>"; };
		F860B13C24951F870016AF1D /* denglu.png */ = {isa = PBXFileReference; lastKnownFileType = image.png; path = denglu.png; sourceTree = "<group>"; };
		F860B13D24951F870016AF1D /* next.png */ = {isa = PBXFileReference; lastKnownFileType = image.png; path = next.png; sourceTree = "<group>"; };
		F860B13E24951F870016AF1D /* zhifu.png */ = {isa = PBXFileReference; lastKnownFileType = image.png; path = zhifu.png; sourceTree = "<group>"; };
		F860B13F24951F870016AF1D /* kabao.png */ = {isa = PBXFileReference; lastKnownFileType = image.png; path = kabao.png; sourceTree = "<group>"; };
		F860B14024951F870016AF1D /* biaoqing.png */ = {isa = PBXFileReference; lastKnownFileType = image.png; path = biaoqing.png; sourceTree = "<group>"; };
		F860B14124951F870016AF1D /* tongxunlu.png */ = {isa = PBXFileReference; lastKnownFileType = image.png; path = tongxunlu.png; sourceTree = "<group>"; };
		F860B14224951F870016AF1D /* xiangce.png */ = {isa = PBXFileReference; lastKnownFileType = image.png; path = xiangce.png; sourceTree = "<group>"; };
		F860B14424951F870016AF1D /* faxian.png */ = {isa = PBXFileReference; lastKnownFileType = image.png; path = faxian.png; sourceTree = "<group>"; };
		F860B14524951F870016AF1D /* wode.png */ = {isa = PBXFileReference; lastKnownFileType = image.png; path = wode.png; sourceTree = "<group>"; };
		F860B14624951F870016AF1D /* xinxi.png */ = {isa = PBXFileReference; lastKnownFileType = image.png; path = xinxi.png; sourceTree = "<group>"; };
		F860B14724951F870016AF1D /* xiaoxi.png */ = {isa = PBXFileReference; lastKnownFileType = image.png; path = xiaoxi.png; sourceTree = "<group>"; };
		F860B14824951F870016AF1D /* shoucang.png */ = {isa = PBXFileReference; lastKnownFileType = image.png; path = shoucang.png; sourceTree = "<group>"; };
		F860B14924951F870016AF1D /* zhifu-2.png */ = {isa = PBXFileReference; lastKnownFileType = image.png; path = "zhifu-2.png"; sourceTree = "<group>"; };
		F860B158249520CD0016AF1D /* shezhi.png */ = {isa = PBXFileReference; lastKnownFileType = image.png; path = shezhi.png; sourceTree = "<group>"; };
		F860B15A249528490016AF1D /* touxiang.png */ = {isa = PBXFileReference; lastKnownFileType = image.png; path = touxiang.png; sourceTree = "<group>"; };
		F860B15C24952C920016AF1D /* houtaishezhi.png */ = {isa = PBXFileReference; lastKnownFileType = image.png; path = houtaishezhi.png; sourceTree = "<group>"; };
		F860B15D24952C920016AF1D /* shopping-bag.png */ = {isa = PBXFileReference; lastKnownFileType = image.png; path = "shopping-bag.png"; sourceTree = "<group>"; };
		F860B15E24952C920016AF1D /* yaoyiyao.png */ = {isa = PBXFileReference; lastKnownFileType = image.png; path = yaoyiyao.png; sourceTree = "<group>"; };
		F860B15F24952C920016AF1D /* youxi.png */ = {isa = PBXFileReference; lastKnownFileType = image.png; path = youxi.png; sourceTree = "<group>"; };
		F860B16024952C920016AF1D /* fujinderen.png */ = {isa = PBXFileReference; lastKnownFileType = image.png; path = fujinderen.png; sourceTree = "<group>"; };
		F860B16124952C920016AF1D /* kanyikan.png */ = {isa = PBXFileReference; lastKnownFileType = image.png; path = kanyikan.png; sourceTree = "<group>"; };
		F860B16224952C920016AF1D /* souyisou.png */ = {isa = PBXFileReference; lastKnownFileType = image.png; path = souyisou.png; sourceTree = "<group>"; };
		F860B16324952C920016AF1D /* saoyisao.png */ = {isa = PBXFileReference; lastKnownFileType = image.png; path = saoyisao.png; sourceTree = "<group>"; };
		F860B16C24952F780016AF1D /* pengyouquan.png */ = {isa = PBXFileReference; lastKnownFileType = image.png; path = pengyouquan.png; sourceTree = "<group>"; };
		F860B16E249531C30016AF1D /* xiaochengxu.png */ = {isa = PBXFileReference; lastKnownFileType = image.png; path = xiaochengxu.png; sourceTree = "<group>"; };
		F860B170249532510016AF1D /* KWSettingViewController.h */ = {isa = PBXFileReference; lastKnownFileType = sourcecode.c.h; path = KWSettingViewController.h; sourceTree = "<group>"; };
		F860B171249532510016AF1D /* KWSettingViewController.m */ = {isa = PBXFileReference; lastKnownFileType = sourcecode.c.objc; path = KWSettingViewController.m; sourceTree = "<group>"; };
		F861087424AA1E5B001D908C /* KWTableViewController.h */ = {isa = PBXFileReference; lastKnownFileType = sourcecode.c.h; path = KWTableViewController.h; sourceTree = "<group>"; };
		F861087524AA1E5B001D908C /* KWTableViewController.m */ = {isa = PBXFileReference; lastKnownFileType = sourcecode.c.objc; path = KWTableViewController.m; sourceTree = "<group>"; };
		F861087724AA1EC1001D908C /* KWMessageModel.h */ = {isa = PBXFileReference; lastKnownFileType = sourcecode.c.h; path = KWMessageModel.h; sourceTree = "<group>"; };
		F861087824AA1EC1001D908C /* KWMessageModel.m */ = {isa = PBXFileReference; lastKnownFileType = sourcecode.c.objc; path = KWMessageModel.m; sourceTree = "<group>"; };
		F861087A24AA1F90001D908C /* KWMessageFrameModel.h */ = {isa = PBXFileReference; lastKnownFileType = sourcecode.c.h; path = KWMessageFrameModel.h; sourceTree = "<group>"; };
		F861087B24AA1F90001D908C /* KWMessageFrameModel.m */ = {isa = PBXFileReference; lastKnownFileType = sourcecode.c.objc; path = KWMessageFrameModel.m; sourceTree = "<group>"; };
		F861087D24AA215E001D908C /* KWTableViewCell.h */ = {isa = PBXFileReference; lastKnownFileType = sourcecode.c.h; path = KWTableViewCell.h; sourceTree = "<group>"; };
		F861087E24AA215E001D908C /* KWTableViewCell.m */ = {isa = PBXFileReference; lastKnownFileType = sourcecode.c.objc; path = KWTableViewCell.m; sourceTree = "<group>"; };
		F861088024AA33A6001D908C /* girl.png */ = {isa = PBXFileReference; lastKnownFileType = image.png; path = girl.png; sourceTree = "<group>"; };
		F861088124AA33A6001D908C /* boy.png */ = {isa = PBXFileReference; lastKnownFileType = image.png; path = boy.png; sourceTree = "<group>"; };
		F861088424AA350D001D908C /* KWRightMessageFrameModel.h */ = {isa = PBXFileReference; lastKnownFileType = sourcecode.c.h; path = KWRightMessageFrameModel.h; sourceTree = "<group>"; };
		F861088524AA350D001D908C /* KWRightMessageFrameModel.m */ = {isa = PBXFileReference; lastKnownFileType = sourcecode.c.objc; path = KWRightMessageFrameModel.m; sourceTree = "<group>"; };
		F874A1EF24A8DF90004FA098 /* KWSocketManager.h */ = {isa = PBXFileReference; lastKnownFileType = sourcecode.c.h; path = KWSocketManager.h; sourceTree = "<group>"; };
		F874A1F024A8DF90004FA098 /* KWSocketManager.m */ = {isa = PBXFileReference; lastKnownFileType = sourcecode.c.objc; path = KWSocketManager.m; sourceTree = "<group>"; };
		F894825124A74CF100A8B199 /* MiniChat-PrefixHeader.pch */ = {isa = PBXFileReference; lastKnownFileType = sourcecode.c.h; path = "MiniChat-PrefixHeader.pch"; sourceTree = "<group>"; };
		F8956F9C2495C15A00A1D823 /* KWUserInfo.h */ = {isa = PBXFileReference; lastKnownFileType = sourcecode.c.h; path = KWUserInfo.h; sourceTree = "<group>"; };
		F8956F9D2495C15A00A1D823 /* KWUserInfo.m */ = {isa = PBXFileReference; lastKnownFileType = sourcecode.c.objc; path = KWUserInfo.m; sourceTree = "<group>"; };
		F8956F9F2495C27E00A1D823 /* ViewController.h */ = {isa = PBXFileReference; fileEncoding = 4; lastKnownFileType = sourcecode.c.h; path = ViewController.h; sourceTree = "<group>"; };
		F8956FA02495C27E00A1D823 /* ViewController.m */ = {isa = PBXFileReference; fileEncoding = 4; lastKnownFileType = sourcecode.c.objc; path = ViewController.m; sourceTree = "<group>"; };
		F8956FA22495C2CB00A1D823 /* KWMessageInfo.h */ = {isa = PBXFileReference; lastKnownFileType = sourcecode.c.h; path = KWMessageInfo.h; sourceTree = "<group>"; };
		F8956FA32495C2CB00A1D823 /* KWMessageInfo.m */ = {isa = PBXFileReference; lastKnownFileType = sourcecode.c.objc; path = KWMessageInfo.m; sourceTree = "<group>"; };
		F8956FA6249643B900A1D823 /* KWDBOperate.h */ = {isa = PBXFileReference; lastKnownFileType = sourcecode.c.h; path = KWDBOperate.h; sourceTree = "<group>"; };
		F8956FA7249643B900A1D823 /* KWDBOperate.m */ = {isa = PBXFileReference; lastKnownFileType = sourcecode.c.objc; path = KWDBOperate.m; sourceTree = "<group>"; };
		F89CC8F4249F8D240092B3D5 /* KWTalkViewController.h */ = {isa = PBXFileReference; lastKnownFileType = sourcecode.c.h; path = KWTalkViewController.h; sourceTree = "<group>"; };
		F89CC8F5249F8D240092B3D5 /* KWTalkViewController.m */ = {isa = PBXFileReference; lastKnownFileType = sourcecode.c.objc; path = KWTalkViewController.m; sourceTree = "<group>"; };
		F89CC8F7249F96440092B3D5 /* fasong.png */ = {isa = PBXFileReference; lastKnownFileType = image.png; path = fasong.png; sourceTree = "<group>"; };
		F89CC8F9249F977D0092B3D5 /* fasong1.png */ = {isa = PBXFileReference; lastKnownFileType = image.png; path = fasong1.png; sourceTree = "<group>"; };
		F89CC8FB249F98B80092B3D5 /* biaoqing1.png */ = {isa = PBXFileReference; lastKnownFileType = image.png; path = biaoqing1.png; sourceTree = "<group>"; };
		F89F23E724AB6BA8005EB643 /* tianjia.png */ = {isa = PBXFileReference; lastKnownFileType = image.png; path = tianjia.png; sourceTree = "<group>"; };
		F89F23E924AB7F19005EB643 /* tianchongxing-.png */ = {isa = PBXFileReference; lastKnownFileType = image.png; path = "tianchongxing-.png"; sourceTree = "<group>"; };
		F89F23EA24AB7F19005EB643 /* picture-fill.png */ = {isa = PBXFileReference; lastKnownFileType = image.png; path = "picture-fill.png"; sourceTree = "<group>"; };
		F89F23EB24AB7F19005EB643 /* yuyin.png */ = {isa = PBXFileReference; lastKnownFileType = image.png; path = yuyin.png; sourceTree = "<group>"; };
		F89F23EC24AB7F19005EB643 /* zhuanzhang.png */ = {isa = PBXFileReference; lastKnownFileType = image.png; path = zhuanzhang.png; sourceTree = "<group>"; };
		F89F23ED24AB7F19005EB643 /* weibiaoti6.png */ = {isa = PBXFileReference; lastKnownFileType = image.png; path = weibiaoti6.png; sourceTree = "<group>"; };
		F89F23EE24AB7F19005EB643 /* iocnshiping.png */ = {isa = PBXFileReference; lastKnownFileType = image.png; path = iocnshiping.png; sourceTree = "<group>"; };
		F89F23EF24AB7F19005EB643 /* paishe.png */ = {isa = PBXFileReference; lastKnownFileType = image.png; path = paishe.png; sourceTree = "<group>"; };
		F89F23F724AB816B005EB643 /* shoucangblack.png */ = {isa = PBXFileReference; lastKnownFileType = image.png; path = shoucangblack.png; sourceTree = "<group>"; };
		F8D8B7EF24965AC1005624D9 /* KWToastView.h */ = {isa = PBXFileReference; lastKnownFileType = sourcecode.c.h; path = KWToastView.h; sourceTree = "<group>"; };
		F8D8B7F024965AC1005624D9 /* KWToastView.m */ = {isa = PBXFileReference; lastKnownFileType = sourcecode.c.objc; path = KWToastView.m; sourceTree = "<group>"; };
/* End PBXFileReference section */

/* Begin PBXFrameworksBuildPhase section */
		F860B0BE2494636D0016AF1D /* Frameworks */ = {
			isa = PBXFrameworksBuildPhase;
			buildActionMask = 2147483647;
			files = (
				D10CCD2166F25CFE1FF3AC73 /* libPods-MiniChat.a in Frameworks */,
			);
			runOnlyForDeploymentPostprocessing = 0;
		};
		F860B0D92494636E0016AF1D /* Frameworks */ = {
			isa = PBXFrameworksBuildPhase;
			buildActionMask = 2147483647;
			files = (
			);
			runOnlyForDeploymentPostprocessing = 0;
		};
		F860B0E42494636E0016AF1D /* Frameworks */ = {
			isa = PBXFrameworksBuildPhase;
			buildActionMask = 2147483647;
			files = (
			);
			runOnlyForDeploymentPostprocessing = 0;
		};
/* End PBXFrameworksBuildPhase section */

/* Begin PBXGroup section */
		5A2883237AFB47FA6F82120B /* Frameworks */ = {
			isa = PBXGroup;
			children = (
				345FA6DC2275F5DE74D79C4B /* libPods-MiniChat.a */,
			);
			name = Frameworks;
			sourceTree = "<group>";
		};
		AF0EBD002799B99ED49FAE8B /* Pods */ = {
			isa = PBXGroup;
			children = (
				F2BD766C86DAF96D4B0CC061 /* Pods-MiniChat.debug.xcconfig */,
				0CB293AEEA76800C51F8E91D /* Pods-MiniChat.release.xcconfig */,
			);
			path = Pods;
			sourceTree = "<group>";
		};
		F860B0B82494636D0016AF1D = {
			isa = PBXGroup;
			children = (
				F860B0C32494636D0016AF1D /* MiniChat */,
				F860B0DF2494636E0016AF1D /* MiniChatTests */,
				F860B0EA2494636E0016AF1D /* MiniChatUITests */,
				F860B0C22494636D0016AF1D /* Products */,
				AF0EBD002799B99ED49FAE8B /* Pods */,
				5A2883237AFB47FA6F82120B /* Frameworks */,
			);
			sourceTree = "<group>";
		};
		F860B0C22494636D0016AF1D /* Products */ = {
			isa = PBXGroup;
			children = (
				F860B0C12494636D0016AF1D /* MiniChat.app */,
				F860B0DC2494636E0016AF1D /* MiniChatTests.xctest */,
				F860B0E72494636E0016AF1D /* MiniChatUITests.xctest */,
			);
			name = Products;
			sourceTree = "<group>";
		};
		F860B0C32494636D0016AF1D /* MiniChat */ = {
			isa = PBXGroup;
			children = (
				F874A1EE24A8DF67004FA098 /* KWManager */,
				F894824D24A7406D00A8B199 /* KWView */,
				F8D8B7EE24965A16005624D9 /* KWTC */,
				F8956FA52496438100A1D823 /* KWDB */,
				F860B10E2494883C0016AF1D /* KWModel */,
				F860B0FD24946B6A0016AF1D /* KWVC */,
				F860B0F9249468B10016AF1D /* images */,
				F860B0C42494636D0016AF1D /* AppDelegate.h */,
				F860B0C52494636D0016AF1D /* AppDelegate.m */,
				F860B0C72494636D0016AF1D /* SceneDelegate.h */,
				F860B0C82494636D0016AF1D /* SceneDelegate.m */,
				F860B0CD2494636D0016AF1D /* Main.storyboard */,
				F860B0D02494636E0016AF1D /* Assets.xcassets */,
				F860B0D22494636E0016AF1D /* LaunchScreen.storyboard */,
				F860B0D52494636E0016AF1D /* Info.plist */,
				F860B0D62494636E0016AF1D /* main.m */,
				F894825124A74CF100A8B199 /* MiniChat-PrefixHeader.pch */,
			);
			path = MiniChat;
			sourceTree = "<group>";
		};
		F860B0DF2494636E0016AF1D /* MiniChatTests */ = {
			isa = PBXGroup;
			children = (
				F860B0E02494636E0016AF1D /* MiniChatTests.m */,
				F860B0E22494636E0016AF1D /* Info.plist */,
			);
			path = MiniChatTests;
			sourceTree = "<group>";
		};
		F860B0EA2494636E0016AF1D /* MiniChatUITests */ = {
			isa = PBXGroup;
			children = (
				F860B0EB2494636E0016AF1D /* MiniChatUITests.m */,
				F860B0ED2494636E0016AF1D /* Info.plist */,
			);
			path = MiniChatUITests;
			sourceTree = "<group>";
		};
		F860B0F9249468B10016AF1D /* images */ = {
			isa = PBXGroup;
			children = (
				F89F23F724AB816B005EB643 /* shoucangblack.png */,
				F89F23EE24AB7F19005EB643 /* iocnshiping.png */,
				F89F23EF24AB7F19005EB643 /* paishe.png */,
				F89F23EA24AB7F19005EB643 /* picture-fill.png */,
				F89F23E924AB7F19005EB643 /* tianchongxing-.png */,
				F89F23ED24AB7F19005EB643 /* weibiaoti6.png */,
				F89F23EB24AB7F19005EB643 /* yuyin.png */,
				F89F23EC24AB7F19005EB643 /* zhuanzhang.png */,
				F89F23E724AB6BA8005EB643 /* tianjia.png */,
				F861088124AA33A6001D908C /* boy.png */,
				F861088024AA33A6001D908C /* girl.png */,
				F89CC8FB249F98B80092B3D5 /* biaoqing1.png */,
				F89CC8F9249F977D0092B3D5 /* fasong1.png */,
				F89CC8F7249F96440092B3D5 /* fasong.png */,
				F860B16E249531C30016AF1D /* xiaochengxu.png */,
				F860B16C24952F780016AF1D /* pengyouquan.png */,
				F860B16024952C920016AF1D /* fujinderen.png */,
				F860B15C24952C920016AF1D /* houtaishezhi.png */,
				F860B16124952C920016AF1D /* kanyikan.png */,
				F860B16324952C920016AF1D /* saoyisao.png */,
				F860B15D24952C920016AF1D /* shopping-bag.png */,
				F860B16224952C920016AF1D /* souyisou.png */,
				F860B15E24952C920016AF1D /* yaoyiyao.png */,
				F860B15F24952C920016AF1D /* youxi.png */,
				F860B15A249528490016AF1D /* touxiang.png */,
				F860B158249520CD0016AF1D /* shezhi.png */,
				F860B14024951F870016AF1D /* biaoqing.png */,
				F860B13C24951F870016AF1D /* denglu.png */,
				F860B14424951F870016AF1D /* faxian.png */,
				F860B13F24951F870016AF1D /* kabao.png */,
				F860B13D24951F870016AF1D /* next.png */,
				F860B14824951F870016AF1D /* shoucang.png */,
				F860B14124951F870016AF1D /* tongxunlu.png */,
				F860B14524951F870016AF1D /* wode.png */,
				F860B14224951F870016AF1D /* xiangce.png */,
				F860B14724951F870016AF1D /* xiaoxi.png */,
				F860B14624951F870016AF1D /* xinxi.png */,
				F860B14924951F870016AF1D /* zhifu-2.png */,
				F860B13E24951F870016AF1D /* zhifu.png */,
			);
			path = images;
			sourceTree = "<group>";
		};
		F860B0FD24946B6A0016AF1D /* KWVC */ = {
			isa = PBXGroup;
			children = (
				F8956F9F2495C27E00A1D823 /* ViewController.h */,
				F8956FA02495C27E00A1D823 /* ViewController.m */,
				F860B0FE24946BA10016AF1D /* KWFirstViewController.h */,
				F860B0FF24946BA10016AF1D /* KWFirstViewController.m */,
				F860B10124946BB10016AF1D /* KWSecondViewController.h */,
				F860B10224946BB10016AF1D /* KWSecondViewController.m */,
				F860B10424946BC00016AF1D /* KWThirdViewController.h */,
				F860B10524946BC00016AF1D /* KWThirdViewController.m */,
				F860B10724946BD30016AF1D /* KWFourthViewController.h */,
				F860B10824946BD30016AF1D /* KWFourthViewController.m */,
				F860B11824949C060016AF1D /* KWRegisterViewController.h */,
				F860B11924949C060016AF1D /* KWRegisterViewController.m */,
				F860B12D249518550016AF1D /* KWTabBarViewController.h */,
				F860B12E249518550016AF1D /* KWTabBarViewController.m */,
				F860B170249532510016AF1D /* KWSettingViewController.h */,
				F860B171249532510016AF1D /* KWSettingViewController.m */,
				F89CC8F4249F8D240092B3D5 /* KWTalkViewController.h */,
				F89CC8F5249F8D240092B3D5 /* KWTalkViewController.m */,
				F861087424AA1E5B001D908C /* KWTableViewController.h */,
				F861087524AA1E5B001D908C /* KWTableViewController.m */,
			);
			path = KWVC;
			sourceTree = "<group>";
		};
		F860B10E2494883C0016AF1D /* KWModel */ = {
			isa = PBXGroup;
			children = (
				F8956F9C2495C15A00A1D823 /* KWUserInfo.h */,
				F8956F9D2495C15A00A1D823 /* KWUserInfo.m */,
				F8956FA22495C2CB00A1D823 /* KWMessageInfo.h */,
				F8956FA32495C2CB00A1D823 /* KWMessageInfo.m */,
				F861087724AA1EC1001D908C /* KWMessageModel.h */,
				F861087824AA1EC1001D908C /* KWMessageModel.m */,
				F861087A24AA1F90001D908C /* KWMessageFrameModel.h */,
				F861087B24AA1F90001D908C /* KWMessageFrameModel.m */,
				F861088424AA350D001D908C /* KWRightMessageFrameModel.h */,
				F861088524AA350D001D908C /* KWRightMessageFrameModel.m */,
			);
			path = KWModel;
			sourceTree = "<group>";
		};
		F874A1EE24A8DF67004FA098 /* KWManager */ = {
			isa = PBXGroup;
			children = (
				F874A1EF24A8DF90004FA098 /* KWSocketManager.h */,
				F874A1F024A8DF90004FA098 /* KWSocketManager.m */,
			);
			path = KWManager;
			sourceTree = "<group>";
		};
		F894824D24A7406D00A8B199 /* KWView */ = {
			isa = PBXGroup;
			children = (
				F861087D24AA215E001D908C /* KWTableViewCell.h */,
				F861087E24AA215E001D908C /* KWTableViewCell.m */,
			);
			path = KWView;
			sourceTree = "<group>";
		};
		F8956FA52496438100A1D823 /* KWDB */ = {
			isa = PBXGroup;
			children = (
				F8956FA6249643B900A1D823 /* KWDBOperate.h */,
				F8956FA7249643B900A1D823 /* KWDBOperate.m */,
			);
			path = KWDB;
			sourceTree = "<group>";
		};
		F8D8B7EE24965A16005624D9 /* KWTC */ = {
			isa = PBXGroup;
			children = (
				F8D8B7EF24965AC1005624D9 /* KWToastView.h */,
				F8D8B7F024965AC1005624D9 /* KWToastView.m */,
			);
			path = KWTC;
			sourceTree = "<group>";
		};
/* End PBXGroup section */

/* Begin PBXNativeTarget section */
		F860B0C02494636D0016AF1D /* MiniChat */ = {
			isa = PBXNativeTarget;
			buildConfigurationList = F860B0F02494636E0016AF1D /* Build configuration list for PBXNativeTarget "MiniChat" */;
			buildPhases = (
				7C2A08CD0C9371A74FACAC8A /* [CP] Check Pods Manifest.lock */,
				F860B0BD2494636D0016AF1D /* Sources */,
				F860B0BE2494636D0016AF1D /* Frameworks */,
				F860B0BF2494636D0016AF1D /* Resources */,
				7EE03F6DF9A7DF67DD8BAB54 /* [CP] Copy Pods Resources */,
			);
			buildRules = (
			);
			dependencies = (
			);
			name = MiniChat;
			productName = MiniChat;
			productReference = F860B0C12494636D0016AF1D /* MiniChat.app */;
			productType = "com.apple.product-type.application";
		};
		F860B0DB2494636E0016AF1D /* MiniChatTests */ = {
			isa = PBXNativeTarget;
			buildConfigurationList = F860B0F32494636E0016AF1D /* Build configuration list for PBXNativeTarget "MiniChatTests" */;
			buildPhases = (
				F860B0D82494636E0016AF1D /* Sources */,
				F860B0D92494636E0016AF1D /* Frameworks */,
				F860B0DA2494636E0016AF1D /* Resources */,
			);
			buildRules = (
			);
			dependencies = (
				F860B0DE2494636E0016AF1D /* PBXTargetDependency */,
			);
			name = MiniChatTests;
			productName = MiniChatTests;
			productReference = F860B0DC2494636E0016AF1D /* MiniChatTests.xctest */;
			productType = "com.apple.product-type.bundle.unit-test";
		};
		F860B0E62494636E0016AF1D /* MiniChatUITests */ = {
			isa = PBXNativeTarget;
			buildConfigurationList = F860B0F62494636E0016AF1D /* Build configuration list for PBXNativeTarget "MiniChatUITests" */;
			buildPhases = (
				F860B0E32494636E0016AF1D /* Sources */,
				F860B0E42494636E0016AF1D /* Frameworks */,
				F860B0E52494636E0016AF1D /* Resources */,
			);
			buildRules = (
			);
			dependencies = (
				F860B0E92494636E0016AF1D /* PBXTargetDependency */,
			);
			name = MiniChatUITests;
			productName = MiniChatUITests;
			productReference = F860B0E72494636E0016AF1D /* MiniChatUITests.xctest */;
			productType = "com.apple.product-type.bundle.ui-testing";
		};
/* End PBXNativeTarget section */

/* Begin PBXProject section */
		F860B0B92494636D0016AF1D /* Project object */ = {
			isa = PBXProject;
			attributes = {
				LastUpgradeCheck = 1130;
				ORGANIZATIONNAME = kwni;
				TargetAttributes = {
					F860B0C02494636D0016AF1D = {
						CreatedOnToolsVersion = 11.3;
					};
					F860B0DB2494636E0016AF1D = {
						CreatedOnToolsVersion = 11.3;
						TestTargetID = F860B0C02494636D0016AF1D;
					};
					F860B0E62494636E0016AF1D = {
						CreatedOnToolsVersion = 11.3;
						TestTargetID = F860B0C02494636D0016AF1D;
					};
				};
			};
			buildConfigurationList = F860B0BC2494636D0016AF1D /* Build configuration list for PBXProject "MiniChat" */;
			compatibilityVersion = "Xcode 9.3";
			developmentRegion = en;
			hasScannedForEncodings = 0;
			knownRegions = (
				en,
				Base,
			);
			mainGroup = F860B0B82494636D0016AF1D;
			productRefGroup = F860B0C22494636D0016AF1D /* Products */;
			projectDirPath = "";
			projectRoot = "";
			targets = (
				F860B0C02494636D0016AF1D /* MiniChat */,
				F860B0DB2494636E0016AF1D /* MiniChatTests */,
				F860B0E62494636E0016AF1D /* MiniChatUITests */,
			);
		};
/* End PBXProject section */

/* Begin PBXResourcesBuildPhase section */
		F860B0BF2494636D0016AF1D /* Resources */ = {
			isa = PBXResourcesBuildPhase;
			buildActionMask = 2147483647;
			files = (
				F860B15424951F870016AF1D /* xinxi.png in Resources */,
				F860B14A24951F870016AF1D /* denglu.png in Resources */,
				F860B16524952C930016AF1D /* shopping-bag.png in Resources */,
				F89F23F324AB7F19005EB643 /* zhuanzhang.png in Resources */,
				F89F23F624AB7F19005EB643 /* paishe.png in Resources */,
				F861088324AA33A6001D908C /* boy.png in Resources */,
				F89F23F524AB7F19005EB643 /* iocnshiping.png in Resources */,
				F860B16624952C930016AF1D /* yaoyiyao.png in Resources */,
				F860B159249520CD0016AF1D /* shezhi.png in Resources */,
				F860B14E24951F870016AF1D /* biaoqing.png in Resources */,
				F860B15B249528490016AF1D /* touxiang.png in Resources */,
				F860B14B24951F870016AF1D /* next.png in Resources */,
				F860B16424952C930016AF1D /* houtaishezhi.png in Resources */,
				F861088224AA33A6001D908C /* girl.png in Resources */,
				F860B0D42494636E0016AF1D /* LaunchScreen.storyboard in Resources */,
				F89F23F224AB7F19005EB643 /* yuyin.png in Resources */,
				F860B14D24951F870016AF1D /* kabao.png in Resources */,
				F860B15324951F870016AF1D /* wode.png in Resources */,
				F860B15624951F870016AF1D /* shoucang.png in Resources */,
				F860B16824952C930016AF1D /* fujinderen.png in Resources */,
				F860B0D12494636E0016AF1D /* Assets.xcassets in Resources */,
				F89F23F824AB816B005EB643 /* shoucangblack.png in Resources */,
				F860B16724952C930016AF1D /* youxi.png in Resources */,
				F860B14C24951F870016AF1D /* zhifu.png in Resources */,
				F860B0CF2494636D0016AF1D /* Main.storyboard in Resources */,
				F89CC8FC249F98B80092B3D5 /* biaoqing1.png in Resources */,
				F860B15224951F870016AF1D /* faxian.png in Resources */,
				F860B16B24952C930016AF1D /* saoyisao.png in Resources */,
				F89F23F124AB7F19005EB643 /* picture-fill.png in Resources */,
				F860B14F24951F870016AF1D /* tongxunlu.png in Resources */,
				F89CC8F8249F96440092B3D5 /* fasong.png in Resources */,
				F89F23F024AB7F19005EB643 /* tianchongxing-.png in Resources */,
				F860B16F249531C30016AF1D /* xiaochengxu.png in Resources */,
				F860B16A24952C930016AF1D /* souyisou.png in Resources */,
				F860B16D24952F780016AF1D /* pengyouquan.png in Resources */,
				F89F23E824AB6BA8005EB643 /* tianjia.png in Resources */,
				F860B15724951F870016AF1D /* zhifu-2.png in Resources */,
				F860B16924952C930016AF1D /* kanyikan.png in Resources */,
				F89F23F424AB7F19005EB643 /* weibiaoti6.png in Resources */,
				F89CC8FA249F977D0092B3D5 /* fasong1.png in Resources */,
				F860B15024951F870016AF1D /* xiangce.png in Resources */,
				F860B15524951F870016AF1D /* xiaoxi.png in Resources */,
			);
			runOnlyForDeploymentPostprocessing = 0;
		};
		F860B0DA2494636E0016AF1D /* Resources */ = {
			isa = PBXResourcesBuildPhase;
			buildActionMask = 2147483647;
			files = (
			);
			runOnlyForDeploymentPostprocessing = 0;
		};
		F860B0E52494636E0016AF1D /* Resources */ = {
			isa = PBXResourcesBuildPhase;
			buildActionMask = 2147483647;
			files = (
			);
			runOnlyForDeploymentPostprocessing = 0;
		};
/* End PBXResourcesBuildPhase section */

/* Begin PBXShellScriptBuildPhase section */
		7C2A08CD0C9371A74FACAC8A /* [CP] Check Pods Manifest.lock */ = {
			isa = PBXShellScriptBuildPhase;
			buildActionMask = 2147483647;
			files = (
			);
			inputFileListPaths = (
			);
			inputPaths = (
				"${PODS_PODFILE_DIR_PATH}/Podfile.lock",
				"${PODS_ROOT}/Manifest.lock",
			);
			name = "[CP] Check Pods Manifest.lock";
			outputFileListPaths = (
			);
			outputPaths = (
				"$(DERIVED_FILE_DIR)/Pods-MiniChat-checkManifestLockResult.txt",
			);
			runOnlyForDeploymentPostprocessing = 0;
			shellPath = /bin/sh;
			shellScript = "diff \"${PODS_PODFILE_DIR_PATH}/Podfile.lock\" \"${PODS_ROOT}/Manifest.lock\" > /dev/null\nif [ $? != 0 ] ; then\n    # print error to STDERR\n    echo \"error: The sandbox is not in sync with the Podfile.lock. Run 'pod install' or update your CocoaPods installation.\" >&2\n    exit 1\nfi\n# This output is used by Xcode 'outputs' to avoid re-running this script phase.\necho \"SUCCESS\" > \"${SCRIPT_OUTPUT_FILE_0}\"\n";
			showEnvVarsInLog = 0;
		};
		7EE03F6DF9A7DF67DD8BAB54 /* [CP] Copy Pods Resources */ = {
			isa = PBXShellScriptBuildPhase;
			buildActionMask = 2147483647;
			files = (
			);
			inputFileListPaths = (
				"${PODS_ROOT}/Target Support Files/Pods-MiniChat/Pods-MiniChat-resources-${CONFIGURATION}-input-files.xcfilelist",
			);
			name = "[CP] Copy Pods Resources";
			outputFileListPaths = (
				"${PODS_ROOT}/Target Support Files/Pods-MiniChat/Pods-MiniChat-resources-${CONFIGURATION}-output-files.xcfilelist",
			);
			runOnlyForDeploymentPostprocessing = 0;
			shellPath = /bin/sh;
			shellScript = "\"${PODS_ROOT}/Target Support Files/Pods-MiniChat/Pods-MiniChat-resources.sh\"\n";
			showEnvVarsInLog = 0;
		};
/* End PBXShellScriptBuildPhase section */

/* Begin PBXSourcesBuildPhase section */
		F860B0BD2494636D0016AF1D /* Sources */ = {
			isa = PBXSourcesBuildPhase;
			buildActionMask = 2147483647;
			files = (
				F860B12F249518550016AF1D /* KWTabBarViewController.m in Sources */,
				F8956F9E2495C15A00A1D823 /* KWUserInfo.m in Sources */,
				F860B0C62494636D0016AF1D /* AppDelegate.m in Sources */,
				F860B10324946BB10016AF1D /* KWSecondViewController.m in Sources */,
				F860B0D72494636E0016AF1D /* main.m in Sources */,
				F8956FA12495C27E00A1D823 /* ViewController.m in Sources */,
				F861087924AA1EC1001D908C /* KWMessageModel.m in Sources */,
				F861087F24AA215E001D908C /* KWTableViewCell.m in Sources */,
				F860B10924946BD30016AF1D /* KWFourthViewController.m in Sources */,
				F860B0C92494636D0016AF1D /* SceneDelegate.m in Sources */,
				F860B10624946BC00016AF1D /* KWThirdViewController.m in Sources */,
				F860B11A24949C060016AF1D /* KWRegisterViewController.m in Sources */,
				F8956FA42495C2CB00A1D823 /* KWMessageInfo.m in Sources */,
				F860B10024946BA10016AF1D /* KWFirstViewController.m in Sources */,
				F8956FA8249643B900A1D823 /* KWDBOperate.m in Sources */,
				F8D8B7F124965AC1005624D9 /* KWToastView.m in Sources */,
				F861088624AA350D001D908C /* KWRightMessageFrameModel.m in Sources */,
				F89CC8F6249F8D240092B3D5 /* KWTalkViewController.m in Sources */,
				F861087624AA1E5B001D908C /* KWTableViewController.m in Sources */,
				F874A1F124A8DF90004FA098 /* KWSocketManager.m in Sources */,
				F860B172249532510016AF1D /* KWSettingViewController.m in Sources */,
				F861087C24AA1F90001D908C /* KWMessageFrameModel.m in Sources */,
			);
			runOnlyForDeploymentPostprocessing = 0;
		};
		F860B0D82494636E0016AF1D /* Sources */ = {
			isa = PBXSourcesBuildPhase;
			buildActionMask = 2147483647;
			files = (
				F860B0E12494636E0016AF1D /* MiniChatTests.m in Sources */,
			);
			runOnlyForDeploymentPostprocessing = 0;
		};
		F860B0E32494636E0016AF1D /* Sources */ = {
			isa = PBXSourcesBuildPhase;
			buildActionMask = 2147483647;
			files = (
				F860B0EC2494636E0016AF1D /* MiniChatUITests.m in Sources */,
			);
			runOnlyForDeploymentPostprocessing = 0;
		};
/* End PBXSourcesBuildPhase section */

/* Begin PBXTargetDependency section */
		F860B0DE2494636E0016AF1D /* PBXTargetDependency */ = {
			isa = PBXTargetDependency;
			target = F860B0C02494636D0016AF1D /* MiniChat */;
			targetProxy = F860B0DD2494636E0016AF1D /* PBXContainerItemProxy */;
		};
		F860B0E92494636E0016AF1D /* PBXTargetDependency */ = {
			isa = PBXTargetDependency;
			target = F860B0C02494636D0016AF1D /* MiniChat */;
			targetProxy = F860B0E82494636E0016AF1D /* PBXContainerItemProxy */;
		};
/* End PBXTargetDependency section */

/* Begin PBXVariantGroup section */
		F860B0CD2494636D0016AF1D /* Main.storyboard */ = {
			isa = PBXVariantGroup;
			children = (
				F860B0CE2494636D0016AF1D /* Base */,
			);
			name = Main.storyboard;
			sourceTree = "<group>";
		};
		F860B0D22494636E0016AF1D /* LaunchScreen.storyboard */ = {
			isa = PBXVariantGroup;
			children = (
				F860B0D32494636E0016AF1D /* Base */,
			);
			name = LaunchScreen.storyboard;
			sourceTree = "<group>";
		};
/* End PBXVariantGroup section */

/* Begin XCBuildConfiguration section */
		F860B0EE2494636E0016AF1D /* Debug */ = {
			isa = XCBuildConfiguration;
			buildSettings = {
				ALWAYS_SEARCH_USER_PATHS = NO;
				CLANG_ANALYZER_NONNULL = YES;
				CLANG_ANALYZER_NUMBER_OBJECT_CONVERSION = YES_AGGRESSIVE;
				CLANG_CXX_LANGUAGE_STANDARD = "gnu++14";
				CLANG_CXX_LIBRARY = "libc++";
				CLANG_ENABLE_MODULES = YES;
				CLANG_ENABLE_OBJC_ARC = YES;
				CLANG_ENABLE_OBJC_WEAK = YES;
				CLANG_WARN_BLOCK_CAPTURE_AUTORELEASING = YES;
				CLANG_WARN_BOOL_CONVERSION = YES;
				CLANG_WARN_COMMA = YES;
				CLANG_WARN_CONSTANT_CONVERSION = YES;
				CLANG_WARN_DEPRECATED_OBJC_IMPLEMENTATIONS = YES;
				CLANG_WARN_DIRECT_OBJC_ISA_USAGE = YES_ERROR;
				CLANG_WARN_DOCUMENTATION_COMMENTS = YES;
				CLANG_WARN_EMPTY_BODY = YES;
				CLANG_WARN_ENUM_CONVERSION = YES;
				CLANG_WARN_INFINITE_RECURSION = YES;
				CLANG_WARN_INT_CONVERSION = YES;
				CLANG_WARN_NON_LITERAL_NULL_CONVERSION = YES;
				CLANG_WARN_OBJC_IMPLICIT_RETAIN_SELF = YES;
				CLANG_WARN_OBJC_LITERAL_CONVERSION = YES;
				CLANG_WARN_OBJC_ROOT_CLASS = YES_ERROR;
				CLANG_WARN_RANGE_LOOP_ANALYSIS = YES;
				CLANG_WARN_STRICT_PROTOTYPES = YES;
				CLANG_WARN_SUSPICIOUS_MOVE = YES;
				CLANG_WARN_UNGUARDED_AVAILABILITY = YES_AGGRESSIVE;
				CLANG_WARN_UNREACHABLE_CODE = YES;
				CLANG_WARN__DUPLICATE_METHOD_MATCH = YES;
				COPY_PHASE_STRIP = NO;
				DEBUG_INFORMATION_FORMAT = dwarf;
				DEVELOPMENT_TEAM = PV455DVBQ9;
				ENABLE_STRICT_OBJC_MSGSEND = YES;
				ENABLE_TESTABILITY = YES;
				GCC_C_LANGUAGE_STANDARD = gnu11;
				GCC_DYNAMIC_NO_PIC = NO;
				GCC_NO_COMMON_BLOCKS = YES;
				GCC_OPTIMIZATION_LEVEL = 0;
				GCC_PREPROCESSOR_DEFINITIONS = (
					"DEBUG=1",
					"$(inherited)",
				);
				GCC_WARN_64_TO_32_BIT_CONVERSION = YES;
				GCC_WARN_ABOUT_RETURN_TYPE = YES_ERROR;
				GCC_WARN_UNDECLARED_SELECTOR = YES;
				GCC_WARN_UNINITIALIZED_AUTOS = YES_AGGRESSIVE;
				GCC_WARN_UNUSED_FUNCTION = YES;
				GCC_WARN_UNUSED_VARIABLE = YES;
				IPHONEOS_DEPLOYMENT_TARGET = 13.2;
				MTL_ENABLE_DEBUG_INFO = INCLUDE_SOURCE;
				MTL_FAST_MATH = YES;
				ONLY_ACTIVE_ARCH = YES;
				SDKROOT = iphoneos;
			};
			name = Debug;
		};
		F860B0EF2494636E0016AF1D /* Release */ = {
			isa = XCBuildConfiguration;
			buildSettings = {
				ALWAYS_SEARCH_USER_PATHS = NO;
				CLANG_ANALYZER_NONNULL = YES;
				CLANG_ANALYZER_NUMBER_OBJECT_CONVERSION = YES_AGGRESSIVE;
				CLANG_CXX_LANGUAGE_STANDARD = "gnu++14";
				CLANG_CXX_LIBRARY = "libc++";
				CLANG_ENABLE_MODULES = YES;
				CLANG_ENABLE_OBJC_ARC = YES;
				CLANG_ENABLE_OBJC_WEAK = YES;
				CLANG_WARN_BLOCK_CAPTURE_AUTORELEASING = YES;
				CLANG_WARN_BOOL_CONVERSION = YES;
				CLANG_WARN_COMMA = YES;
				CLANG_WARN_CONSTANT_CONVERSION = YES;
				CLANG_WARN_DEPRECATED_OBJC_IMPLEMENTATIONS = YES;
				CLANG_WARN_DIRECT_OBJC_ISA_USAGE = YES_ERROR;
				CLANG_WARN_DOCUMENTATION_COMMENTS = YES;
				CLANG_WARN_EMPTY_BODY = YES;
				CLANG_WARN_ENUM_CONVERSION = YES;
				CLANG_WARN_INFINITE_RECURSION = YES;
				CLANG_WARN_INT_CONVERSION = YES;
				CLANG_WARN_NON_LITERAL_NULL_CONVERSION = YES;
				CLANG_WARN_OBJC_IMPLICIT_RETAIN_SELF = YES;
				CLANG_WARN_OBJC_LITERAL_CONVERSION = YES;
				CLANG_WARN_OBJC_ROOT_CLASS = YES_ERROR;
				CLANG_WARN_RANGE_LOOP_ANALYSIS = YES;
				CLANG_WARN_STRICT_PROTOTYPES = YES;
				CLANG_WARN_SUSPICIOUS_MOVE = YES;
				CLANG_WARN_UNGUARDED_AVAILABILITY = YES_AGGRESSIVE;
				CLANG_WARN_UNREACHABLE_CODE = YES;
				CLANG_WARN__DUPLICATE_METHOD_MATCH = YES;
				COPY_PHASE_STRIP = NO;
				DEBUG_INFORMATION_FORMAT = "dwarf-with-dsym";
				DEVELOPMENT_TEAM = PV455DVBQ9;
				ENABLE_NS_ASSERTIONS = NO;
				ENABLE_STRICT_OBJC_MSGSEND = YES;
				GCC_C_LANGUAGE_STANDARD = gnu11;
				GCC_NO_COMMON_BLOCKS = YES;
				GCC_WARN_64_TO_32_BIT_CONVERSION = YES;
				GCC_WARN_ABOUT_RETURN_TYPE = YES_ERROR;
				GCC_WARN_UNDECLARED_SELECTOR = YES;
				GCC_WARN_UNINITIALIZED_AUTOS = YES_AGGRESSIVE;
				GCC_WARN_UNUSED_FUNCTION = YES;
				GCC_WARN_UNUSED_VARIABLE = YES;
				IPHONEOS_DEPLOYMENT_TARGET = 13.2;
				MTL_ENABLE_DEBUG_INFO = NO;
				MTL_FAST_MATH = YES;
				SDKROOT = iphoneos;
				VALIDATE_PRODUCT = YES;
			};
			name = Release;
		};
		F860B0F12494636E0016AF1D /* Debug */ = {
			isa = XCBuildConfiguration;
			baseConfigurationReference = F2BD766C86DAF96D4B0CC061 /* Pods-MiniChat.debug.xcconfig */;
			buildSettings = {
				ASSETCATALOG_COMPILER_APPICON_NAME = AppIcon;
				CODE_SIGN_STYLE = Automatic;
				GCC_PRECOMPILE_PREFIX_HEADER = YES;
				GCC_PREFIX_HEADER = "MiniChat/MiniChat-PrefixHeader.pch";
				INFOPLIST_FILE = MiniChat/Info.plist;
				IPHONEOS_DEPLOYMENT_TARGET = 13.2;
				LD_RUNPATH_SEARCH_PATHS = (
					"$(inherited)",
					"@executable_path/Frameworks",
				);
				PRODUCT_BUNDLE_IDENTIFIER = com.kwni.MiniChat;
				PRODUCT_NAME = MiniChat;
				TARGETED_DEVICE_FAMILY = "1,2";
			};
			name = Debug;
		};
		F860B0F22494636E0016AF1D /* Release */ = {
			isa = XCBuildConfiguration;
			baseConfigurationReference = 0CB293AEEA76800C51F8E91D /* Pods-MiniChat.release.xcconfig */;
			buildSettings = {
				ASSETCATALOG_COMPILER_APPICON_NAME = AppIcon;
				CODE_SIGN_STYLE = Automatic;
				GCC_PRECOMPILE_PREFIX_HEADER = YES;
				GCC_PREFIX_HEADER = "MiniChat/MiniChat-PrefixHeader.pch";
				INFOPLIST_FILE = MiniChat/Info.plist;
				IPHONEOS_DEPLOYMENT_TARGET = 13.2;
				LD_RUNPATH_SEARCH_PATHS = (
					"$(inherited)",
					"@executable_path/Frameworks",
				);
				PRODUCT_BUNDLE_IDENTIFIER = com.kwni.MiniChat;
				PRODUCT_NAME = MiniChat;
				TARGETED_DEVICE_FAMILY = "1,2";
			};
			name = Release;
		};
		F860B0F42494636E0016AF1D /* Debug */ = {
			isa = XCBuildConfiguration;
			buildSettings = {
				BUNDLE_LOADER = "$(TEST_HOST)";
				CODE_SIGN_STYLE = Automatic;
				INFOPLIST_FILE = MiniChatTests/Info.plist;
				IPHONEOS_DEPLOYMENT_TARGET = 13.2;
				LD_RUNPATH_SEARCH_PATHS = (
					"$(inherited)",
					"@executable_path/Frameworks",
					"@loader_path/Frameworks",
				);
				PRODUCT_BUNDLE_IDENTIFIER = com.kwni.MiniChatTests;
				PRODUCT_NAME = "$(TARGET_NAME)";
				TARGETED_DEVICE_FAMILY = "1,2";
				TEST_HOST = "$(BUILT_PRODUCTS_DIR)/MiniChat.app/MiniChat";
			};
			name = Debug;
		};
		F860B0F52494636E0016AF1D /* Release */ = {
			isa = XCBuildConfiguration;
			buildSettings = {
				BUNDLE_LOADER = "$(TEST_HOST)";
				CODE_SIGN_STYLE = Automatic;
				INFOPLIST_FILE = MiniChatTests/Info.plist;
				IPHONEOS_DEPLOYMENT_TARGET = 13.2;
				LD_RUNPATH_SEARCH_PATHS = (
					"$(inherited)",
					"@executable_path/Frameworks",
					"@loader_path/Frameworks",
				);
				PRODUCT_BUNDLE_IDENTIFIER = com.kwni.MiniChatTests;
				PRODUCT_NAME = "$(TARGET_NAME)";
				TARGETED_DEVICE_FAMILY = "1,2";
				TEST_HOST = "$(BUILT_PRODUCTS_DIR)/MiniChat.app/MiniChat";
			};
			name = Release;
		};
		F860B0F72494636E0016AF1D /* Debug */ = {
			isa = XCBuildConfiguration;
			buildSettings = {
				CODE_SIGN_STYLE = Automatic;
				INFOPLIST_FILE = MiniChatUITests/Info.plist;
				LD_RUNPATH_SEARCH_PATHS = (
					"$(inherited)",
					"@executable_path/Frameworks",
					"@loader_path/Frameworks",
				);
				PRODUCT_BUNDLE_IDENTIFIER = com.kwni.MiniChatUITests;
				PRODUCT_NAME = "$(TARGET_NAME)";
				TARGETED_DEVICE_FAMILY = "1,2";
				TEST_TARGET_NAME = MiniChat;
			};
			name = Debug;
		};
		F860B0F82494636E0016AF1D /* Release */ = {
			isa = XCBuildConfiguration;
			buildSettings = {
				CODE_SIGN_STYLE = Automatic;
				INFOPLIST_FILE = MiniChatUITests/Info.plist;
				LD_RUNPATH_SEARCH_PATHS = (
					"$(inherited)",
					"@executable_path/Frameworks",
					"@loader_path/Frameworks",
				);
				PRODUCT_BUNDLE_IDENTIFIER = com.kwni.MiniChatUITests;
				PRODUCT_NAME = "$(TARGET_NAME)";
				TARGETED_DEVICE_FAMILY = "1,2";
				TEST_TARGET_NAME = MiniChat;
			};
			name = Release;
		};
/* End XCBuildConfiguration section */

/* Begin XCConfigurationList section */
		F860B0BC2494636D0016AF1D /* Build configuration list for PBXProject "MiniChat" */ = {
			isa = XCConfigurationList;
			buildConfigurations = (
				F860B0EE2494636E0016AF1D /* Debug */,
				F860B0EF2494636E0016AF1D /* Release */,
			);
			defaultConfigurationIsVisible = 0;
			defaultConfigurationName = Release;
		};
		F860B0F02494636E0016AF1D /* Build configuration list for PBXNativeTarget "MiniChat" */ = {
			isa = XCConfigurationList;
			buildConfigurations = (
				F860B0F12494636E0016AF1D /* Debug */,
				F860B0F22494636E0016AF1D /* Release */,
			);
			defaultConfigurationIsVisible = 0;
			defaultConfigurationName = Release;
		};
		F860B0F32494636E0016AF1D /* Build configuration list for PBXNativeTarget "MiniChatTests" */ = {
			isa = XCConfigurationList;
			buildConfigurations = (
				F860B0F42494636E0016AF1D /* Debug */,
				F860B0F52494636E0016AF1D /* Release */,
			);
			defaultConfigurationIsVisible = 0;
			defaultConfigurationName = Release;
		};
		F860B0F62494636E0016AF1D /* Build configuration list for PBXNativeTarget "MiniChatUITests" */ = {
			isa = XCConfigurationList;
			buildConfigurations = (
				F860B0F72494636E0016AF1D /* Debug */,
				F860B0F82494636E0016AF1D /* Release */,
			);
			defaultConfigurationIsVisible = 0;
			defaultConfigurationName = Release;
		};
/* End XCConfigurationList section */
	};
	rootObject = F860B0B92494636D0016AF1D /* Project object */;
}
